PODS:
  - package_info_plus_tvos (0.0.1)
  - wakelock_plus_tvos (0.0.1)

DEPENDENCIES:
  - package_info_plus_tvos (from `/Users/voroslaszlo/.pub-cache/hosted/pub.dev/package_info_plus_tvos-0.0.1/tvos`)
  - wakelock_plus_tvos (from `/Users/voroslaszlo/.pub-cache/hosted/pub.dev/wakelock_plus_tvos-0.0.1/tvos`)

EXTERNAL SOURCES:
  package_info_plus_tvos:
    :path: "/Users/voroslaszlo/.pub-cache/hosted/pub.dev/package_info_plus_tvos-0.0.1/tvos"
  wakelock_plus_tvos:
    :path: "/Users/voroslaszlo/.pub-cache/hosted/pub.dev/wakelock_plus_tvos-0.0.1/tvos"

SPEC CHECKSUMS:
  package_info_plus_tvos: 073cd723f2962bcdef16e93e53f001b8f4967c8b
  wakelock_plus_tvos: 0f67f6936faa0d7548e9bb2d950154a84cf601a3

PODFILE CHECKSUM: 6fa85034ea021a14485d8d5582494ad6d457cdf4

COCOAPODS: 1.16.2
